
Microsoft Visual Studio Solution File, Format Version 12.00
# Visual Studio Version 17
VisualStudioVersion = 17.0.32112.339
MinimumVisualStudioVersion = 10.0.40219.1
Project("{9A19103F-16F7-4668-BE54-9A1E7A4F7556}") = "ToDoList", "ToDoList\ToDoList.csproj", "{BAD52753-27DD-460E-9129-A25877B52354}"
EndProject
Project("{FAE04EC0-301F-11D3-BF4B-00C04F79EFBC}") = "Business", "Business\Business.csproj", "{7206214B-528F-4D39-AE39-79573A04297C}"
EndProject
Global
	GlobalSection(SolutionConfigurationPlatforms) = preSolution
		Debug|Any CPU = Debug|Any CPU
		Release|Any CPU = Release|Any CPU
	EndGlobalSection
	GlobalSection(ProjectConfigurationPlatforms) = postSolution
		{BAD52753-27DD-460E-9129-A25877B52354}.Debug|Any CPU.ActiveCfg = Debug|Any CPU
		{BAD52753-27DD-460E-9129-A25877B52354}.Debug|Any CPU.Build.0 = Debug|Any CPU
		{BAD52753-27DD-460E-9129-A25877B52354}.Release|Any CPU.ActiveCfg = Release|Any CPU
		{BAD52753-27DD-460E-9129-A25877B52354}.Release|Any CPU.Build.0 = Release|Any CPU
		{7206214B-528F-4D39-AE39-79573A04297C}.Debug|Any CPU.ActiveCfg = Debug|Any CPU
		{7206214B-528F-4D39-AE39-79573A04297C}.Debug|Any CPU.Build.0 = Debug|Any CPU
		{7206214B-528F-4D39-AE39-79573A04297C}.Release|Any CPU.ActiveCfg = Release|Any CPU
		{7206214B-528F-4D39-AE39-79573A04297C}.Release|Any CPU.Build.0 = Release|Any CPU
	EndGlobalSection
	GlobalSection(SolutionProperties) = preSolution
		HideSolutionNode = FALSE
	EndGlobalSection
	GlobalSection(ExtensibilityGlobals) = postSolution
		SolutionGuid = {9A4462A3-A88F-4D59-9262-A8B73D47A189}
	EndGlobalSection
EndGlobal
